
Microsoft Visual Studio Solution File, Format Version 12.00
# Visual Studio Version 17
VisualStudioVersion = 17.12.35707.178 d17.12
MinimumVisualStudioVersion = 10.0.40219.1
Project("{FAE04EC0-301F-11D3-BF4B-00C04F79EFBC}") = "Library Web (Server)", "Library (Web)\Library Web (Server).csproj", "{B392E3D9-AC4D-4F86-BED7-A27A0E268A22}"
EndProject
Project("{FAE04EC0-301F-11D3-BF4B-00C04F79EFBC}") = "Library Web (Client)", "Library Web (Client)\Library Web (Client).csproj", "{42A533E0-3400-4BDC-A485-39CEF6F051DB}"
EndProject
Global
	GlobalSection(SolutionConfigurationPlatforms) = preSolution
		Debug|Any CPU = Debug|Any CPU
		Release|Any CPU = Release|Any CPU
	EndGlobalSection
	GlobalSection(ProjectConfigurationPlatforms) = postSolution
		{B392E3D9-AC4D-4F86-BED7-A27A0E268A22}.Debug|Any CPU.ActiveCfg = Debug|Any CPU
		{B392E3D9-AC4D-4F86-BED7-A27A0E268A22}.Debug|Any CPU.Build.0 = Debug|Any CPU
		{B392E3D9-AC4D-4F86-BED7-A27A0E268A22}.Release|Any CPU.ActiveCfg = Release|Any CPU
		{B392E3D9-AC4D-4F86-BED7-A27A0E268A22}.Release|Any CPU.Build.0 = Release|Any CPU
		{42A533E0-3400-4BDC-A485-39CEF6F051DB}.Debug|Any CPU.ActiveCfg = Debug|Any CPU
		{42A533E0-3400-4BDC-A485-39CEF6F051DB}.Debug|Any CPU.Build.0 = Debug|Any CPU
		{42A533E0-3400-4BDC-A485-39CEF6F051DB}.Release|Any CPU.ActiveCfg = Release|Any CPU
		{42A533E0-3400-4BDC-A485-39CEF6F051DB}.Release|Any CPU.Build.0 = Release|Any CPU
	EndGlobalSection
	GlobalSection(SolutionProperties) = preSolution
		HideSolutionNode = FALSE
	EndGlobalSection
EndGlobal
